// !$*UTF8*$!
{
	archiveVersion = 1;
	classes = {
	};
	objectVersion = 55;
	objects = {

/* Begin PBXBuildFile section */
		653B369728855ADF000A1C38 /* AppDelegate.swift in Sources */ = {isa = PBXBuildFile; fileRef = 653B369628855ADF000A1C38 /* AppDelegate.swift */; };
		653B369B28855ADF000A1C38 /* MainViewController.swift in Sources */ = {isa = PBXBuildFile; fileRef = 653B369A28855ADF000A1C38 /* MainViewController.swift */; };
		653B36A028855AE1000A1C38 /* Assets.xcassets in Resources */ = {isa = PBXBuildFile; fileRef = 653B369F28855AE1000A1C38 /* Assets.xcassets */; };
		653B36A328855AE1000A1C38 /* LaunchScreen.storyboard in Resources */ = {isa = PBXBuildFile; fileRef = 653B36A128855AE1000A1C38 /* LaunchScreen.storyboard */; };
		653B36AB28855B74000A1C38 /* GoogleService-Info.plist in Resources */ = {isa = PBXBuildFile; fileRef = 653B36AA28855B74000A1C38 /* GoogleService-Info.plist */; };
		653B36AE28855C2F000A1C38 /* FirebaseAnalytics in Frameworks */ = {isa = PBXBuildFile; productRef = 653B36AD28855C2F000A1C38 /* FirebaseAnalytics */; };
		653B36B028855C2F000A1C38 /* FirebaseAuth in Frameworks */ = {isa = PBXBuildFile; productRef = 653B36AF28855C2F000A1C38 /* FirebaseAuth */; };
		653B36B228855C2F000A1C38 /* FirebaseFirestore in Frameworks */ = {isa = PBXBuildFile; productRef = 653B36B128855C2F000A1C38 /* FirebaseFirestore */; };
		653B36B428855C2F000A1C38 /* FirebaseFirestoreSwift in Frameworks */ = {isa = PBXBuildFile; productRef = 653B36B328855C2F000A1C38 /* FirebaseFirestoreSwift */; };
		653B36B628855C2F000A1C38 /* FirebaseStorage in Frameworks */ = {isa = PBXBuildFile; productRef = 653B36B528855C2F000A1C38 /* FirebaseStorage */; };
		653B36B828855DED000A1C38 /* LoginViewController.swift in Sources */ = {isa = PBXBuildFile; fileRef = 653B36B728855DEC000A1C38 /* LoginViewController.swift */; };
		653B36BA28857A2B000A1C38 /* RegistrationViewController.swift in Sources */ = {isa = PBXBuildFile; fileRef = 653B36B928857A2B000A1C38 /* RegistrationViewController.swift */; };
		653B36BC28858316000A1C38 /* RecoveryPasswordViewController.swift in Sources */ = {isa = PBXBuildFile; fileRef = 653B36BB28858316000A1C38 /* RecoveryPasswordViewController.swift */; };
		653B36BE28858EE0000A1C38 /* AddNoteViewController.swift in Sources */ = {isa = PBXBuildFile; fileRef = 653B36BD28858EE0000A1C38 /* AddNoteViewController.swift */; };
		653B36C02885D8F7000A1C38 /* Product.swift in Sources */ = {isa = PBXBuildFile; fileRef = 653B36BF2885D8F6000A1C38 /* Product.swift */; };
		653B36C22885DD5F000A1C38 /* CustomViewCell.swift in Sources */ = {isa = PBXBuildFile; fileRef = 653B36C12885DD5E000A1C38 /* CustomViewCell.swift */; };
		653B36C52885E124000A1C38 /* Kingfisher in Frameworks */ = {isa = PBXBuildFile; productRef = 653B36C42885E124000A1C38 /* Kingfisher */; };
		653B36C72885F92F000A1C38 /* ProductsInfoViewController.swift in Sources */ = {isa = PBXBuildFile; fileRef = 653B36C62885F92F000A1C38 /* ProductsInfoViewController.swift */; };
/* End PBXBuildFile section */

/* Begin PBXFileReference section */
		653B369328855ADF000A1C38 /* testovoe.app */ = {isa = PBXFileReference; explicitFileType = wrapper.application; includeInIndex = 0; path = testovoe.app; sourceTree = BUILT_PRODUCTS_DIR; };
		653B369628855ADF000A1C38 /* AppDelegate.swift */ = {isa = PBXFileReference; lastKnownFileType = sourcecode.swift; path = AppDelegate.swift; sourceTree = "<group>"; };
		653B369A28855ADF000A1C38 /* MainViewController.swift */ = {isa = PBXFileReference; lastKnownFileType = sourcecode.swift; path = MainViewController.swift; sourceTree = "<group>"; };
		653B369F28855AE1000A1C38 /* Assets.xcassets */ = {isa = PBXFileReference; lastKnownFileType = folder.assetcatalog; path = Assets.xcassets; sourceTree = "<group>"; };
		653B36A228855AE1000A1C38 /* Base */ = {isa = PBXFileReference; lastKnownFileType = file.storyboard; name = Base; path = Base.lproj/LaunchScreen.storyboard; sourceTree = "<group>"; };
		653B36A428855AE1000A1C38 /* Info.plist */ = {isa = PBXFileReference; lastKnownFileType = text.plist.xml; path = Info.plist; sourceTree = "<group>"; };
		653B36AA28855B74000A1C38 /* GoogleService-Info.plist */ = {isa = PBXFileReference; fileEncoding = 4; lastKnownFileType = text.plist.xml; path = "GoogleService-Info.plist"; sourceTree = "<group>"; };
		653B36B728855DEC000A1C38 /* LoginViewController.swift */ = {isa = PBXFileReference; lastKnownFileType = sourcecode.swift; path = LoginViewController.swift; sourceTree = "<group>"; };
		653B36B928857A2B000A1C38 /* RegistrationViewController.swift */ = {isa = PBXFileReference; lastKnownFileType = sourcecode.swift; path = RegistrationViewController.swift; sourceTree = "<group>"; };
		653B36BB28858316000A1C38 /* RecoveryPasswordViewController.swift */ = {isa = PBXFileReference; lastKnownFileType = sourcecode.swift; path = RecoveryPasswordViewController.swift; sourceTree = "<group>"; };
		653B36BD28858EE0000A1C38 /* AddNoteViewController.swift */ = {isa = PBXFileReference; lastKnownFileType = sourcecode.swift; path = AddNoteViewController.swift; sourceTree = "<group>"; };
		653B36BF2885D8F6000A1C38 /* Product.swift */ = {isa = PBXFileReference; lastKnownFileType = sourcecode.swift; path = Product.swift; sourceTree = "<group>"; };
		653B36C12885DD5E000A1C38 /* CustomViewCell.swift */ = {isa = PBXFileReference; lastKnownFileType = sourcecode.swift; path = CustomViewCell.swift; sourceTree = "<group>"; };
		653B36C62885F92F000A1C38 /* ProductsInfoViewController.swift */ = {isa = PBXFileReference; lastKnownFileType = sourcecode.swift; path = ProductsInfoViewController.swift; sourceTree = "<group>"; };
/* End PBXFileReference section */

/* Begin PBXFrameworksBuildPhase section */
		653B369028855ADF000A1C38 /* Frameworks */ = {
			isa = PBXFrameworksBuildPhase;
			buildActionMask = 2147483647;
			files = (
				653B36C52885E124000A1C38 /* Kingfisher in Frameworks */,
				653B36AE28855C2F000A1C38 /* FirebaseAnalytics in Frameworks */,
				653B36B028855C2F000A1C38 /* FirebaseAuth in Frameworks */,
				653B36B228855C2F000A1C38 /* FirebaseFirestore in Frameworks */,
				653B36B628855C2F000A1C38 /* FirebaseStorage in Frameworks */,
				653B36B428855C2F000A1C38 /* FirebaseFirestoreSwift in Frameworks */,
			);
			runOnlyForDeploymentPostprocessing = 0;
		};
/* End PBXFrameworksBuildPhase section */

/* Begin PBXGroup section */
		653B368A28855ADF000A1C38 = {
			isa = PBXGroup;
			children = (
				653B369528855ADF000A1C38 /* testovoe */,
				653B369428855ADF000A1C38 /* Products */,
			);
			sourceTree = "<group>";
		};
		653B369428855ADF000A1C38 /* Products */ = {
			isa = PBXGroup;
			children = (
				653B369328855ADF000A1C38 /* testovoe.app */,
			);
			name = Products;
			sourceTree = "<group>";
		};
		653B369528855ADF000A1C38 /* testovoe */ = {
			isa = PBXGroup;
			children = (
				653B369628855ADF000A1C38 /* AppDelegate.swift */,
				653B36B728855DEC000A1C38 /* LoginViewController.swift */,
				653B36BB28858316000A1C38 /* RecoveryPasswordViewController.swift */,
				653B36B928857A2B000A1C38 /* RegistrationViewController.swift */,
				653B369A28855ADF000A1C38 /* MainViewController.swift */,
				653B36C62885F92F000A1C38 /* ProductsInfoViewController.swift */,
				653B36C12885DD5E000A1C38 /* CustomViewCell.swift */,
				653B36BF2885D8F6000A1C38 /* Product.swift */,
				653B36BD28858EE0000A1C38 /* AddNoteViewController.swift */,
				653B369F28855AE1000A1C38 /* Assets.xcassets */,
				653B36A128855AE1000A1C38 /* LaunchScreen.storyboard */,
				653B36A428855AE1000A1C38 /* Info.plist */,
				653B36AA28855B74000A1C38 /* GoogleService-Info.plist */,
			);
			path = testovoe;
			sourceTree = "<group>";
		};
/* End PBXGroup section */

/* Begin PBXNativeTarget section */
		653B369228855ADF000A1C38 /* testovoe */ = {
			isa = PBXNativeTarget;
			buildConfigurationList = 653B36A728855AE1000A1C38 /* Build configuration list for PBXNativeTarget "testovoe" */;
			buildPhases = (
				653B368F28855ADF000A1C38 /* Sources */,
				653B369028855ADF000A1C38 /* Frameworks */,
				653B369128855ADF000A1C38 /* Resources */,
			);
			buildRules = (
			);
			dependencies = (
			);
			name = testovoe;
			packageProductDependencies = (
				653B36AD28855C2F000A1C38 /* FirebaseAnalytics */,
				653B36AF28855C2F000A1C38 /* FirebaseAuth */,
				653B36B128855C2F000A1C38 /* FirebaseFirestore */,
				653B36B328855C2F000A1C38 /* FirebaseFirestoreSwift */,
				653B36B528855C2F000A1C38 /* FirebaseStorage */,
				653B36C42885E124000A1C38 /* Kingfisher */,
			);
			productName = testovoe;
			productReference = 653B369328855ADF000A1C38 /* testovoe.app */;
			productType = "com.apple.product-type.application";
		};
/* End PBXNativeTarget section */

/* Begin PBXProject section */
		653B368B28855ADF000A1C38 /* Project object */ = {
			isa = PBXProject;
			attributes = {
				BuildIndependentTargetsInParallel = 1;
				LastSwiftUpdateCheck = 1340;
				LastUpgradeCheck = 1340;
				TargetAttributes = {
					653B369228855ADF000A1C38 = {
						CreatedOnToolsVersion = 13.4.1;
					};
				};
			};
			buildConfigurationList = 653B368E28855ADF000A1C38 /* Build configuration list for PBXProject "testovoe" */;
			compatibilityVersion = "Xcode 13.0";
			developmentRegion = en;
			hasScannedForEncodings = 0;
			knownRegions = (
				en,
				Base,
			);
			mainGroup = 653B368A28855ADF000A1C38;
			packageReferences = (
				653B36AC28855C2E000A1C38 /* XCRemoteSwiftPackageReference "firebase-ios-sdk" */,
				653B36C32885E123000A1C38 /* XCRemoteSwiftPackageReference "Kingfisher" */,
			);
			productRefGroup = 653B369428855ADF000A1C38 /* Products */;
			projectDirPath = "";
			projectRoot = "";
			targets = (
				653B369228855ADF000A1C38 /* testovoe */,
			);
		};
/* End PBXProject section */

/* Begin PBXResourcesBuildPhase section */
		653B369128855ADF000A1C38 /* Resources */ = {
			isa = PBXResourcesBuildPhase;
			buildActionMask = 2147483647;
			files = (
				653B36A328855AE1000A1C38 /* LaunchScreen.storyboard in Resources */,
				653B36A028855AE1000A1C38 /* Assets.xcassets in Resources */,
				653B36AB28855B74000A1C38 /* GoogleService-Info.plist in Resources */,
			);
			runOnlyForDeploymentPostprocessing = 0;
		};
/* End PBXResourcesBuildPhase section */

/* Begin PBXSourcesBuildPhase section */
		653B368F28855ADF000A1C38 /* Sources */ = {
			isa = PBXSourcesBuildPhase;
			buildActionMask = 2147483647;
			files = (
				653B36B828855DED000A1C38 /* LoginViewController.swift in Sources */,
				653B369B28855ADF000A1C38 /* MainViewController.swift in Sources */,
				653B36BE28858EE0000A1C38 /* AddNoteViewController.swift in Sources */,
				653B36C02885D8F7000A1C38 /* Product.swift in Sources */,
				653B36BA28857A2B000A1C38 /* RegistrationViewController.swift in Sources */,
				653B36C22885DD5F000A1C38 /* CustomViewCell.swift in Sources */,
				653B36C72885F92F000A1C38 /* ProductsInfoViewController.swift in Sources */,
				653B369728855ADF000A1C38 /* AppDelegate.swift in Sources */,
				653B36BC28858316000A1C38 /* RecoveryPasswordViewController.swift in Sources */,
			);
			runOnlyForDeploymentPostprocessing = 0;
		};
/* End PBXSourcesBuildPhase section */

/* Begin PBXVariantGroup section */
		653B36A128855AE1000A1C38 /* LaunchScreen.storyboard */ = {
			isa = PBXVariantGroup;
			children = (
				653B36A228855AE1000A1C38 /* Base */,
			);
			name = LaunchScreen.storyboard;
			sourceTree = "<group>";
		};
/* End PBXVariantGroup section */

/* Begin XCBuildConfiguration section */
		653B36A528855AE1000A1C38 /* Debug */ = {
			isa = XCBuildConfiguration;
			buildSettings = {
				ALWAYS_SEARCH_USER_PATHS = NO;
				CLANG_ANALYZER_NONNULL = YES;
				CLANG_ANALYZER_NUMBER_OBJECT_CONVERSION = YES_AGGRESSIVE;
				CLANG_CXX_LANGUAGE_STANDARD = "gnu++17";
				CLANG_ENABLE_MODULES = YES;
				CLANG_ENABLE_OBJC_ARC = YES;
				CLANG_ENABLE_OBJC_WEAK = YES;
				CLANG_WARN_BLOCK_CAPTURE_AUTORELEASING = YES;
				CLANG_WARN_BOOL_CONVERSION = YES;
				CLANG_WARN_COMMA = YES;
				CLANG_WARN_CONSTANT_CONVERSION = YES;
				CLANG_WARN_DEPRECATED_OBJC_IMPLEMENTATIONS = YES;
				CLANG_WARN_DIRECT_OBJC_ISA_USAGE = YES_ERROR;
				CLANG_WARN_DOCUMENTATION_COMMENTS = YES;
				CLANG_WARN_EMPTY_BODY = YES;
				CLANG_WARN_ENUM_CONVERSION = YES;
				CLANG_WARN_INFINITE_RECURSION = YES;
				CLANG_WARN_INT_CONVERSION = YES;
				CLANG_WARN_NON_LITERAL_NULL_CONVERSION = YES;
				CLANG_WARN_OBJC_IMPLICIT_RETAIN_SELF = YES;
				CLANG_WARN_OBJC_LITERAL_CONVERSION = YES;
				CLANG_WARN_OBJC_ROOT_CLASS = YES_ERROR;
				CLANG_WARN_QUOTED_INCLUDE_IN_FRAMEWORK_HEADER = YES;
				CLANG_WARN_RANGE_LOOP_ANALYSIS = YES;
				CLANG_WARN_STRICT_PROTOTYPES = YES;
				CLANG_WARN_SUSPICIOUS_MOVE = YES;
				CLANG_WARN_UNGUARDED_AVAILABILITY = YES_AGGRESSIVE;
				CLANG_WARN_UNREACHABLE_CODE = YES;
				CLANG_WARN__DUPLICATE_METHOD_MATCH = YES;
				COPY_PHASE_STRIP = NO;
				DEBUG_INFORMATION_FORMAT = dwarf;
				ENABLE_STRICT_OBJC_MSGSEND = YES;
				ENABLE_TESTABILITY = YES;
				GCC_C_LANGUAGE_STANDARD = gnu11;
				GCC_DYNAMIC_NO_PIC = NO;
				GCC_NO_COMMON_BLOCKS = YES;
				GCC_OPTIMIZATION_LEVEL = 0;
				GCC_PREPROCESSOR_DEFINITIONS = (
					"DEBUG=1",
					"$(inherited)",
				);
				GCC_WARN_64_TO_32_BIT_CONVERSION = YES;
				GCC_WARN_ABOUT_RETURN_TYPE = YES_ERROR;
				GCC_WARN_UNDECLARED_SELECTOR = YES;
				GCC_WARN_UNINITIALIZED_AUTOS = YES_AGGRESSIVE;
				GCC_WARN_UNUSED_FUNCTION = YES;
				GCC_WARN_UNUSED_VARIABLE = YES;
				IPHONEOS_DEPLOYMENT_TARGET = 15.5;
				MTL_ENABLE_DEBUG_INFO = INCLUDE_SOURCE;
				MTL_FAST_MATH = YES;
				ONLY_ACTIVE_ARCH = YES;
				SDKROOT = iphoneos;
				SWIFT_ACTIVE_COMPILATION_CONDITIONS = DEBUG;
				SWIFT_OPTIMIZATION_LEVEL = "-Onone";
			};
			name = Debug;
		};
		653B36A628855AE1000A1C38 /* Release */ = {
			isa = XCBuildConfiguration;
			buildSettings = {
				ALWAYS_SEARCH_USER_PATHS = NO;
				CLANG_ANALYZER_NONNULL = YES;
				CLANG_ANALYZER_NUMBER_OBJECT_CONVERSION = YES_AGGRESSIVE;
				CLANG_CXX_LANGUAGE_STANDARD = "gnu++17";
				CLANG_ENABLE_MODULES = YES;
				CLANG_ENABLE_OBJC_ARC = YES;
				CLANG_ENABLE_OBJC_WEAK = YES;
				CLANG_WARN_BLOCK_CAPTURE_AUTORELEASING = YES;
				CLANG_WARN_BOOL_CONVERSION = YES;
				CLANG_WARN_COMMA = YES;
				CLANG_WARN_CONSTANT_CONVERSION = YES;
				CLANG_WARN_DEPRECATED_OBJC_IMPLEMENTATIONS = YES;
				CLANG_WARN_DIRECT_OBJC_ISA_USAGE = YES_ERROR;
				CLANG_WARN_DOCUMENTATION_COMMENTS = YES;
				CLANG_WARN_EMPTY_BODY = YES;
				CLANG_WARN_ENUM_CONVERSION = YES;
				CLANG_WARN_INFINITE_RECURSION = YES;
				CLANG_WARN_INT_CONVERSION = YES;
				CLANG_WARN_NON_LITERAL_NULL_CONVERSION = YES;
				CLANG_WARN_OBJC_IMPLICIT_RETAIN_SELF = YES;
				CLANG_WARN_OBJC_LITERAL_CONVERSION = YES;
				CLANG_WARN_OBJC_ROOT_CLASS = YES_ERROR;
				CLANG_WARN_QUOTED_INCLUDE_IN_FRAMEWORK_HEADER = YES;
				CLANG_WARN_RANGE_LOOP_ANALYSIS = YES;
				CLANG_WARN_STRICT_PROTOTYPES = YES;
				CLANG_WARN_SUSPICIOUS_MOVE = YES;
				CLANG_WARN_UNGUARDED_AVAILABILITY = YES_AGGRESSIVE;
				CLANG_WARN_UNREACHABLE_CODE = YES;
				CLANG_WARN__DUPLICATE_METHOD_MATCH = YES;
				COPY_PHASE_STRIP = NO;
				DEBUG_INFORMATION_FORMAT = "dwarf-with-dsym";
				ENABLE_NS_ASSERTIONS = NO;
				ENABLE_STRICT_OBJC_MSGSEND = YES;
				GCC_C_LANGUAGE_STANDARD = gnu11;
				GCC_NO_COMMON_BLOCKS = YES;
				GCC_WARN_64_TO_32_BIT_CONVERSION = YES;
				GCC_WARN_ABOUT_RETURN_TYPE = YES_ERROR;
				GCC_WARN_UNDECLARED_SELECTOR = YES;
				GCC_WARN_UNINITIALIZED_AUTOS = YES_AGGRESSIVE;
				GCC_WARN_UNUSED_FUNCTION = YES;
				GCC_WARN_UNUSED_VARIABLE = YES;
				IPHONEOS_DEPLOYMENT_TARGET = 15.5;
				MTL_ENABLE_DEBUG_INFO = NO;
				MTL_FAST_MATH = YES;
				SDKROOT = iphoneos;
				SWIFT_COMPILATION_MODE = wholemodule;
				SWIFT_OPTIMIZATION_LEVEL = "-O";
				VALIDATE_PRODUCT = YES;
			};
			name = Release;
		};
		653B36A828855AE1000A1C38 /* Debug */ = {
			isa = XCBuildConfiguration;
			buildSettings = {
				ASSETCATALOG_COMPILER_APPICON_NAME = AppIcon;
				ASSETCATALOG_COMPILER_GLOBAL_ACCENT_COLOR_NAME = AccentColor;
				CODE_SIGN_STYLE = Automatic;
				CURRENT_PROJECT_VERSION = 1;
				DEVELOPMENT_TEAM = 2Q5KB25LJV;
				GENERATE_INFOPLIST_FILE = YES;
				INFOPLIST_FILE = testovoe/Info.plist;
				INFOPLIST_KEY_UIApplicationSupportsIndirectInputEvents = YES;
				INFOPLIST_KEY_UILaunchStoryboardName = LaunchScreen;
				INFOPLIST_KEY_UISupportedInterfaceOrientations_iPad = "UIInterfaceOrientationPortrait UIInterfaceOrientationPortraitUpsideDown UIInterfaceOrientationLandscapeLeft UIInterfaceOrientationLandscapeRight";
				INFOPLIST_KEY_UISupportedInterfaceOrientations_iPhone = "UIInterfaceOrientationPortrait UIInterfaceOrientationLandscapeLeft UIInterfaceOrientationLandscapeRight";
				LD_RUNPATH_SEARCH_PATHS = (
					"$(inherited)",
					"@executable_path/Frameworks",
				);
				MARKETING_VERSION = 1.0;
				PRODUCT_BUNDLE_IDENTIFIER = Dima.testovoe;
				PRODUCT_NAME = "$(TARGET_NAME)";
				SWIFT_EMIT_LOC_STRINGS = YES;
				SWIFT_VERSION = 5.0;
				TARGETED_DEVICE_FAMILY = "1,2";
			};
			name = Debug;
		};
		653B36A928855AE1000A1C38 /* Release */ = {
			isa = XCBuildConfiguration;
			buildSettings = {
				ASSETCATALOG_COMPILER_APPICON_NAME = AppIcon;
				ASSETCATALOG_COMPILER_GLOBAL_ACCENT_COLOR_NAME = AccentColor;
				CODE_SIGN_STYLE = Automatic;
				CURRENT_PROJECT_VERSION = 1;
				DEVELOPMENT_TEAM = 2Q5KB25LJV;
				GENERATE_INFOPLIST_FILE = YES;
				INFOPLIST_FILE = testovoe/Info.plist;
				INFOPLIST_KEY_UIApplicationSupportsIndirectInputEvents = YES;
				INFOPLIST_KEY_UILaunchStoryboardName = LaunchScreen;
				INFOPLIST_KEY_UISupportedInterfaceOrientations_iPad = "UIInterfaceOrientationPortrait UIInterfaceOrientationPortraitUpsideDown UIInterfaceOrientationLandscapeLeft UIInterfaceOrientationLandscapeRight";
				INFOPLIST_KEY_UISupportedInterfaceOrientations_iPhone = "UIInterfaceOrientationPortrait UIInterfaceOrientationLandscapeLeft UIInterfaceOrientationLandscapeRight";
				LD_RUNPATH_SEARCH_PATHS = (
					"$(inherited)",
					"@executable_path/Frameworks",
				);
				MARKETING_VERSION = 1.0;
				PRODUCT_BUNDLE_IDENTIFIER = Dima.testovoe;
				PRODUCT_NAME = "$(TARGET_NAME)";
				SWIFT_EMIT_LOC_STRINGS = YES;
				SWIFT_VERSION = 5.0;
				TARGETED_DEVICE_FAMILY = "1,2";
			};
			name = Release;
		};
/* End XCBuildConfiguration section */

/* Begin XCConfigurationList section */
		653B368E28855ADF000A1C38 /* Build configuration list for PBXProject "testovoe" */ = {
			isa = XCConfigurationList;
			buildConfigurations = (
				653B36A528855AE1000A1C38 /* Debug */,
				653B36A628855AE1000A1C38 /* Release */,
			);
			defaultConfigurationIsVisible = 0;
			defaultConfigurationName = Release;
		};
		653B36A728855AE1000A1C38 /* Build configuration list for PBXNativeTarget "testovoe" */ = {
			isa = XCConfigurationList;
			buildConfigurations = (
				653B36A828855AE1000A1C38 /* Debug */,
				653B36A928855AE1000A1C38 /* Release */,
			);
			defaultConfigurationIsVisible = 0;
			defaultConfigurationName = Release;
		};
/* End XCConfigurationList section */

/* Begin XCRemoteSwiftPackageReference section */
		653B36AC28855C2E000A1C38 /* XCRemoteSwiftPackageReference "firebase-ios-sdk" */ = {
			isa = XCRemoteSwiftPackageReference;
			repositoryURL = "https://github.com/firebase/firebase-ios-sdk";
			requirement = {
				branch = master;
				kind = branch;
			};
		};
		653B36C32885E123000A1C38 /* XCRemoteSwiftPackageReference "Kingfisher" */ = {
			isa = XCRemoteSwiftPackageReference;
			repositoryURL = "https://github.com/onevcat/Kingfisher.git";
			requirement = {
				kind = upToNextMajorVersion;
				minimumVersion = 7.0.0;
			};
		};
/* End XCRemoteSwiftPackageReference section */

/* Begin XCSwiftPackageProductDependency section */
		653B36AD28855C2F000A1C38 /* FirebaseAnalytics */ = {
			isa = XCSwiftPackageProductDependency;
			package = 653B36AC28855C2E000A1C38 /* XCRemoteSwiftPackageReference "firebase-ios-sdk" */;
			productName = FirebaseAnalytics;
		};
		653B36AF28855C2F000A1C38 /* FirebaseAuth */ = {
			isa = XCSwiftPackageProductDependency;
			package = 653B36AC28855C2E000A1C38 /* XCRemoteSwiftPackageReference "firebase-ios-sdk" */;
			productName = FirebaseAuth;
		};
		653B36B128855C2F000A1C38 /* FirebaseFirestore */ = {
			isa = XCSwiftPackageProductDependency;
			package = 653B36AC28855C2E000A1C38 /* XCRemoteSwiftPackageReference "firebase-ios-sdk" */;
			productName = FirebaseFirestore;
		};
		653B36B328855C2F000A1C38 /* FirebaseFirestoreSwift */ = {
			isa = XCSwiftPackageProductDependency;
			package = 653B36AC28855C2E000A1C38 /* XCRemoteSwiftPackageReference "firebase-ios-sdk" */;
			productName = FirebaseFirestoreSwift;
		};
		653B36B528855C2F000A1C38 /* FirebaseStorage */ = {
			isa = XCSwiftPackageProductDependency;
			package = 653B36AC28855C2E000A1C38 /* XCRemoteSwiftPackageReference "firebase-ios-sdk" */;
			productName = FirebaseStorage;
		};
		653B36C42885E124000A1C38 /* Kingfisher */ = {
			isa = XCSwiftPackageProductDependency;
			package = 653B36C32885E123000A1C38 /* XCRemoteSwiftPackageReference "Kingfisher" */;
			productName = Kingfisher;
		};
/* End XCSwiftPackageProductDependency section */
	};
	rootObject = 653B368B28855ADF000A1C38 /* Project object */;
}
